
Microsoft Visual Studio Solution File, Format Version 11.00
# Visual Studio 2010
Project("{FAE04EC0-301F-11D3-BF4B-00C04F79EFBC}") = "SP4_Unity", "Assembly-CSharp.csproj", "{1D3A2A91-FE43-8F58-95D0-2E0372E9D6BA}"
EndProject
Global
	GlobalSection(SolutionConfigurationPlatforms) = preSolution
		Debug|Any CPU = Debug|Any CPU
		Release|Any CPU = Release|Any CPU
	EndGlobalSection
	GlobalSection(ProjectConfigurationPlatforms) = postSolution
		{1D3A2A91-FE43-8F58-95D0-2E0372E9D6BA}.Debug|Any CPU.ActiveCfg = Debug|Any CPU
		{1D3A2A91-FE43-8F58-95D0-2E0372E9D6BA}.Debug|Any CPU.Build.0 = Debug|Any CPU
		{1D3A2A91-FE43-8F58-95D0-2E0372E9D6BA}.Release|Any CPU.ActiveCfg = Release|Any CPU
		{1D3A2A91-FE43-8F58-95D0-2E0372E9D6BA}.Release|Any CPU.Build.0 = Release|Any CPU
	EndGlobalSection
	GlobalSection(SolutionProperties) = preSolution
		HideSolutionNode = FALSE
	EndGlobalSection
	GlobalSection(MonoDevelopProperties) = preSolution
		StartupItem = Assembly-CSharp.csproj
	EndGlobalSection
EndGlobal
